
Microsoft Visual Studio Solution File, Format Version 12.00
# Visual Studio Version 17
VisualStudioVersion = 17.0.32112.339
MinimumVisualStudioVersion = 10.0.40219.1
Project("{9A19103F-16F7-4668-BE54-9A1E7A4F7556}") = "BlazorAdmin", "BlazorAdmin\BlazorAdmin.csproj", "{D1DDCF5D-F915-4419-8A37-AA97B0AC8BC4}"
EndProject
Project("{9A19103F-16F7-4668-BE54-9A1E7A4F7556}") = "BlazorAdmin.Tests", "BlazorAdmin.Tests\BlazorAdmin.Tests.csproj", "{5F54BFEC-AF83-431A-874B-E9CA824D095B}"
EndProject
Global
	GlobalSection(SolutionConfigurationPlatforms) = preSolution
		Debug|Any CPU = Debug|Any CPU
		Release|Any CPU = Release|Any CPU
	EndGlobalSection
	GlobalSection(ProjectConfigurationPlatforms) = postSolution
		{D1DDCF5D-F915-4419-8A37-AA97B0AC8BC4}.Debug|Any CPU.ActiveCfg = Debug|Any CPU
		{D1DDCF5D-F915-4419-8A37-AA97B0AC8BC4}.Debug|Any CPU.Build.0 = Debug|Any CPU
		{D1DDCF5D-F915-4419-8A37-AA97B0AC8BC4}.Release|Any CPU.ActiveCfg = Release|Any CPU
		{D1DDCF5D-F915-4419-8A37-AA97B0AC8BC4}.Release|Any CPU.Build.0 = Release|Any CPU
		{5F54BFEC-AF83-431A-874B-E9CA824D095B}.Debug|Any CPU.ActiveCfg = Debug|Any CPU
		{5F54BFEC-AF83-431A-874B-E9CA824D095B}.Debug|Any CPU.Build.0 = Debug|Any CPU
		{5F54BFEC-AF83-431A-874B-E9CA824D095B}.Release|Any CPU.ActiveCfg = Release|Any CPU
		{5F54BFEC-AF83-431A-874B-E9CA824D095B}.Release|Any CPU.Build.0 = Release|Any CPU
	EndGlobalSection
	GlobalSection(SolutionProperties) = preSolution
		HideSolutionNode = FALSE
	EndGlobalSection
	GlobalSection(ExtensibilityGlobals) = postSolution
		SolutionGuid = {762AC714-B42B-48E5-9BD9-50FEA0BC4D51}
	EndGlobalSection
EndGlobal
